<?xml version="1.0" encoding="utf-8"?>
<Project ToolsVersion="4.0" xmlns="http://schemas.microsoft.com/developer/msbuild/2003">
  <ItemGroup>
    <Filter Include="Resource Files">
      <UniqueIdentifier>{67DA6AB6-F800-4c08-8B7A-83BB121AAD01}</UniqueIdentifier>
      <Extensions>rc;ico;cur;bmp;dlg;rc2;rct;bin;rgs;gif;jpg;jpeg;jpe;resx;tiff;tif;png;wav;mfcribbon-ms</Extensions>
    </Filter>
    <Filter Include="src">
      <UniqueIdentifier>{b69283a6-6c22-44ee-8e7f-c99b52cfebb7}</UniqueIdentifier>
    </Filter>
    <Filter Include="src\fae">
      <UniqueIdentifier>{b529601e-559a-49bc-a131-30479e8b8889}</UniqueIdentifier>
    </Filter>
    <Filter Include="src\fae\rendering">
      <UniqueIdentifier>{0386aee9-3377-41c7-a791-3129f6dc7ec7}</UniqueIdentifier>
    </Filter>
    <Filter Include="src\fae\rendering\GL">
      <UniqueIdentifier>{bdacd92d-c6bd-45db-910e-a46300b7a453}</UniqueIdentifier>
    </Filter>
    <Filter Include="src\fae\rendering\shaders">
      <UniqueIdentifier>{c79b35cc-d3e6-43ce-af79-d5c303d19afd}</UniqueIdentifier>
    </Filter>
    <Filter Include="src\fae\rendering\interfaces">
      <UniqueIdentifier>{7e36d0d7-2f1e-4c92-9dbb-af64fb0221b4}</UniqueIdentifier>
    </Filter>
    <Filter Include="src\fae\rendering\components">
      <UniqueIdentifier>{5f4fd991-ac71-4865-8a8e-3aa0f560f824}</UniqueIdentifier>
    </Filter>
  </ItemGroup>
  <ItemGroup>
    <ClCompile Include="main.cpp">
      <Filter>src</Filter>
    </ClCompile>
    <ClCompile Include="App.cpp">
      <Filter>src\fae</Filter>
    </ClCompile>
    <ClCompile Include="texture.cpp">
      <Filter>src\fae\rendering</Filter>
    </ClCompile>
    <ClCompile Include="GLShaderProgram.cpp">
      <Filter>src\fae\rendering\GL</Filter>
    </ClCompile>
    <ClCompile Include="GLTexture.cpp">
      <Filter>src\fae\rendering\GL</Filter>
    </ClCompile>
    <ClCompile Include="GLBufferObject.cpp">
      <Filter>src\fae\rendering\GL</Filter>
    </ClCompile>
    <ClCompile Include="GLVertexArrayObject.cpp">
      <Filter>src\fae\rendering\GL</Filter>
    </ClCompile>
    <ClCompile Include="GLElementBufferObject.cpp">
      <Filter>src\fae\rendering\GL</Filter>
    </ClCompile>
    <ClCompile Include="GLVertexBufferObject.cpp">
      <Filter>src\fae\rendering\GL</Filter>
    </ClCompile>
    <ClCompile Include="Material.cpp">
      <Filter>src\fae\rendering</Filter>
    </ClCompile>
    <ClCompile Include="TransformController.cpp">
      <Filter>src</Filter>
    </ClCompile>
    <ClCompile Include="rendering.cpp">
      <Filter>src\fae</Filter>
    </ClCompile>
    <ClCompile Include="PerspectiveCamera.cpp">
      <Filter>src\fae\rendering\components</Filter>
    </ClCompile>
    <ClCompile Include="camera.cpp">
      <Filter>src\fae\rendering</Filter>
    </ClCompile>
    <ClCompile Include="transforms.cpp">
      <Filter>src\fae</Filter>
    </ClCompile>
    <ClCompile Include="time.cpp">
      <Filter>src\fae</Filter>
    </ClCompile>
    <ClCompile Include="input.cpp">
      <Filter>src\fae</Filter>
    </ClCompile>
    <ClCompile Include="default_plugins.cpp">
      <Filter>src\fae</Filter>
    </ClCompile>
    <ClCompile Include="window.cpp">
      <Filter>src\fae</Filter>
    </ClCompile>
    <ClCompile Include="RotateTransformOnYAxis.cpp">
      <Filter>src</Filter>
    </ClCompile>
    <ClCompile Include="debug_systems.cpp">
      <Filter>src\fae</Filter>
    </ClCompile>
    <ClCompile Include="asset_loading.cpp">
      <Filter>src\fae</Filter>
    </ClCompile>
    <ClCompile Include="lighting.cpp">
      <Filter>src\fae</Filter>
    </ClCompile>
    <ClCompile Include="CameraController.cpp">
      <Filter>src</Filter>
    </ClCompile>
  </ItemGroup>
  <ItemGroup>
    <ClInclude Include="App.h">
      <Filter>src\fae</Filter>
    </ClInclude>
    <ClInclude Include="fae.h">
      <Filter>src\fae</Filter>
    </ClInclude>
    <ClInclude Include="vertex.h">
      <Filter>src\fae\rendering</Filter>
    </ClInclude>
    <ClInclude Include="texture.h">
      <Filter>src\fae\rendering</Filter>
    </ClInclude>
    <ClInclude Include="GLObject.h">
      <Filter>src\fae\rendering\GL</Filter>
    </ClInclude>
    <ClInclude Include="GLShaderProgram.h">
      <Filter>src\fae\rendering\GL</Filter>
    </ClInclude>
    <ClInclude Include="GLTexture.h">
      <Filter>src\fae\rendering\GL</Filter>
    </ClInclude>
    <ClInclude Include="GLBufferObject.h">
      <Filter>src\fae\rendering\GL</Filter>
    </ClInclude>
    <ClInclude Include="GLVertexArrayObject.h">
      <Filter>src\fae\rendering\GL</Filter>
    </ClInclude>
    <ClInclude Include="GLVertexBufferObject.h">
      <Filter>src\fae\rendering\GL</Filter>
    </ClInclude>
    <ClInclude Include="GLElementBufferObject.h">
      <Filter>src\fae\rendering\GL</Filter>
    </ClInclude>
    <ClInclude Include="Material.h">
      <Filter>src\fae\rendering</Filter>
    </ClInclude>
    <ClInclude Include="mesh.h">
      <Filter>src\fae\rendering</Filter>
    </ClInclude>
    <ClInclude Include="IBindable.h">
      <Filter>src\fae\rendering\interfaces</Filter>
    </ClInclude>
    <ClInclude Include="IShaderProgram.h">
      <Filter>src\fae\rendering\interfaces</Filter>
    </ClInclude>
    <ClInclude Include="TransformController.h">
      <Filter>src</Filter>
    </ClInclude>
    <ClInclude Include="rendering.h">
      <Filter>src\fae</Filter>
    </ClInclude>
    <ClInclude Include="PerspectiveCamera.h">
      <Filter>src\fae\rendering\components</Filter>
    </ClInclude>
    <ClInclude Include="camera.h">
      <Filter>src\fae\rendering</Filter>
    </ClInclude>
    <ClInclude Include="ICamera.h">
      <Filter>src\fae\rendering\components</Filter>
    </ClInclude>
    <ClInclude Include="transforms.h">
      <Filter>src\fae</Filter>
    </ClInclude>
    <ClInclude Include="time.h">
      <Filter>src\fae</Filter>
    </ClInclude>
    <ClInclude Include="input.h">
      <Filter>src\fae</Filter>
    </ClInclude>
    <ClInclude Include="default_plugins.h">
      <Filter>src\fae</Filter>
    </ClInclude>
    <ClInclude Include="window.h">
      <Filter>src\fae</Filter>
    </ClInclude>
    <ClInclude Include="RotateTransformOnYAxis.h">
      <Filter>src</Filter>
    </ClInclude>
    <ClInclude Include="debug_systems.h">
      <Filter>src\fae</Filter>
    </ClInclude>
    <ClInclude Include="model.h">
      <Filter>src\fae\rendering</Filter>
    </ClInclude>
    <ClInclude Include="asset_loading.h">
      <Filter>src\fae</Filter>
    </ClInclude>
    <ClInclude Include="lighting.h">
      <Filter>src\fae</Filter>
    </ClInclude>
    <ClInclude Include="CameraController.h">
      <Filter>src</Filter>
    </ClInclude>
  </ItemGroup>
  <ItemGroup>
    <None Include="core_fragment.glsl">
      <Filter>src\fae\rendering\shaders</Filter>
    </None>
    <None Include="core_vertex.glsl">
      <Filter>src\fae\rendering\shaders</Filter>
    </None>
  </ItemGroup>
</Project>